
Microsoft Visual Studio Solution File, Format Version 12.00
# Visual Studio 2012
Project("{8BC9CEB8-8B4A-11D0-8D11-00A0C91BC942}") = "HobbyProject", "HobbyProject\HobbyProject.vcxproj", "{72B702BE-111E-4798-900E-AD1DDA030FE0}"
EndProject
Project("{8BC9CEB8-8B4A-11D0-8D11-00A0C91BC942}") = "CommonUtilities", "Library\CommonUtilities\CommonUtilities.vcxproj", "{84C59E81-E29A-47B7-8ADE-0D19F41DF5BC}"
EndProject
Project("{8BC9CEB8-8B4A-11D0-8D11-00A0C91BC942}") = "DL_Debug", "Library\DL_Debug\DL_Debug.vcxproj", "{77E5BAAB-D752-4789-AEF1-40ACC07209A9}"
EndProject
Project("{8BC9CEB8-8B4A-11D0-8D11-00A0C91BC942}") = "FI_File", "Library\FI_File\FI_File.vcxproj", "{1D6696D8-5BC4-4ABD-9906-6FF284AC0AB1}"
EndProject
Project("{8BC9CEB8-8B4A-11D0-8D11-00A0C91BC942}") = "InputWrapper", "Library\InputWrapper\InputWrapper.vcxproj", "{70687FD1-1073-40B5-8FF1-35E3151CFD8A}"
EndProject
Project("{8BC9CEB8-8B4A-11D0-8D11-00A0C91BC942}") = "Timer", "Library\Timer\Timer.vcxproj", "{5792B9DE-F37C-442E-9B24-375756CDB61A}"
EndProject
Project("{8BC9CEB8-8B4A-11D0-8D11-00A0C91BC942}") = "tinyxml", "Library\tinyxml\tinyxml_lib.vcxproj", "{C406DAEC-0886-4771-8DEA-9D7329B46CC1}"
EndProject
Global
	GlobalSection(SolutionConfigurationPlatforms) = preSolution
		Debug|Win32 = Debug|Win32
		Fast Debug|Win32 = Fast Debug|Win32
		Release|Win32 = Release|Win32
	EndGlobalSection
	GlobalSection(ProjectConfigurationPlatforms) = postSolution
		{72B702BE-111E-4798-900E-AD1DDA030FE0}.Debug|Win32.ActiveCfg = Debug|Win32
		{72B702BE-111E-4798-900E-AD1DDA030FE0}.Debug|Win32.Build.0 = Debug|Win32
		{72B702BE-111E-4798-900E-AD1DDA030FE0}.Fast Debug|Win32.ActiveCfg = Debug|Win32
		{72B702BE-111E-4798-900E-AD1DDA030FE0}.Fast Debug|Win32.Build.0 = Debug|Win32
		{72B702BE-111E-4798-900E-AD1DDA030FE0}.Release|Win32.ActiveCfg = Release|Win32
		{72B702BE-111E-4798-900E-AD1DDA030FE0}.Release|Win32.Build.0 = Release|Win32
		{84C59E81-E29A-47B7-8ADE-0D19F41DF5BC}.Debug|Win32.ActiveCfg = Debug|Win32
		{84C59E81-E29A-47B7-8ADE-0D19F41DF5BC}.Debug|Win32.Build.0 = Debug|Win32
		{84C59E81-E29A-47B7-8ADE-0D19F41DF5BC}.Fast Debug|Win32.ActiveCfg = Fast Debug|Win32
		{84C59E81-E29A-47B7-8ADE-0D19F41DF5BC}.Fast Debug|Win32.Build.0 = Fast Debug|Win32
		{84C59E81-E29A-47B7-8ADE-0D19F41DF5BC}.Release|Win32.ActiveCfg = Release|Win32
		{84C59E81-E29A-47B7-8ADE-0D19F41DF5BC}.Release|Win32.Build.0 = Release|Win32
		{77E5BAAB-D752-4789-AEF1-40ACC07209A9}.Debug|Win32.ActiveCfg = Debug|Win32
		{77E5BAAB-D752-4789-AEF1-40ACC07209A9}.Debug|Win32.Build.0 = Debug|Win32
		{77E5BAAB-D752-4789-AEF1-40ACC07209A9}.Fast Debug|Win32.ActiveCfg = Fast Debug|Win32
		{77E5BAAB-D752-4789-AEF1-40ACC07209A9}.Fast Debug|Win32.Build.0 = Fast Debug|Win32
		{77E5BAAB-D752-4789-AEF1-40ACC07209A9}.Release|Win32.ActiveCfg = Release|Win32
		{77E5BAAB-D752-4789-AEF1-40ACC07209A9}.Release|Win32.Build.0 = Release|Win32
		{1D6696D8-5BC4-4ABD-9906-6FF284AC0AB1}.Debug|Win32.ActiveCfg = Debug|Win32
		{1D6696D8-5BC4-4ABD-9906-6FF284AC0AB1}.Debug|Win32.Build.0 = Debug|Win32
		{1D6696D8-5BC4-4ABD-9906-6FF284AC0AB1}.Fast Debug|Win32.ActiveCfg = Fast Debug|Win32
		{1D6696D8-5BC4-4ABD-9906-6FF284AC0AB1}.Fast Debug|Win32.Build.0 = Fast Debug|Win32
		{1D6696D8-5BC4-4ABD-9906-6FF284AC0AB1}.Release|Win32.ActiveCfg = Release|Win32
		{1D6696D8-5BC4-4ABD-9906-6FF284AC0AB1}.Release|Win32.Build.0 = Release|Win32
		{70687FD1-1073-40B5-8FF1-35E3151CFD8A}.Debug|Win32.ActiveCfg = Debug|Win32
		{70687FD1-1073-40B5-8FF1-35E3151CFD8A}.Debug|Win32.Build.0 = Debug|Win32
		{70687FD1-1073-40B5-8FF1-35E3151CFD8A}.Fast Debug|Win32.ActiveCfg = Fast Debug|Win32
		{70687FD1-1073-40B5-8FF1-35E3151CFD8A}.Fast Debug|Win32.Build.0 = Fast Debug|Win32
		{70687FD1-1073-40B5-8FF1-35E3151CFD8A}.Release|Win32.ActiveCfg = Release|Win32
		{70687FD1-1073-40B5-8FF1-35E3151CFD8A}.Release|Win32.Build.0 = Release|Win32
		{5792B9DE-F37C-442E-9B24-375756CDB61A}.Debug|Win32.ActiveCfg = Debug|Win32
		{5792B9DE-F37C-442E-9B24-375756CDB61A}.Debug|Win32.Build.0 = Debug|Win32
		{5792B9DE-F37C-442E-9B24-375756CDB61A}.Fast Debug|Win32.ActiveCfg = Fast Debug|Win32
		{5792B9DE-F37C-442E-9B24-375756CDB61A}.Fast Debug|Win32.Build.0 = Fast Debug|Win32
		{5792B9DE-F37C-442E-9B24-375756CDB61A}.Release|Win32.ActiveCfg = Release|Win32
		{5792B9DE-F37C-442E-9B24-375756CDB61A}.Release|Win32.Build.0 = Release|Win32
		{C406DAEC-0886-4771-8DEA-9D7329B46CC1}.Debug|Win32.ActiveCfg = Debug|Win32
		{C406DAEC-0886-4771-8DEA-9D7329B46CC1}.Debug|Win32.Build.0 = Debug|Win32
		{C406DAEC-0886-4771-8DEA-9D7329B46CC1}.Fast Debug|Win32.ActiveCfg = Fast Debug|Win32
		{C406DAEC-0886-4771-8DEA-9D7329B46CC1}.Fast Debug|Win32.Build.0 = Fast Debug|Win32
		{C406DAEC-0886-4771-8DEA-9D7329B46CC1}.Release|Win32.ActiveCfg = Release|Win32
		{C406DAEC-0886-4771-8DEA-9D7329B46CC1}.Release|Win32.Build.0 = Release|Win32
	EndGlobalSection
	GlobalSection(SolutionProperties) = preSolution
		HideSolutionNode = FALSE
	EndGlobalSection
EndGlobal
